# THIS IS AN AUTOGENERATED FILE. DO NOT EDIT THIS FILE DIRECTLY.
# yarn lockfile v1


chrono-node@^2.5.1:
  version "2.5.1"
  resolved "https://registry.yarnpkg.com/chrono-node/-/chrono-node-2.5.1.tgz#01f2abc42b3a73c90f0fb57152ca3699464c67a8"
  integrity sha512-q8JDDO6eHJTvnpduPQ5p6WXxzzpqj89rjnnq0xTh58tKF3bPQztjxrUMiyKVXpx7p+InkH5W7Z+eha8X/tLpgA==
  dependencies:
    dayjs "^1.10.0"

dayjs@^1.10.0:
  version "1.11.7"
  resolved "https://registry.yarnpkg.com/dayjs/-/dayjs-1.11.7.tgz#4b296922642f70999544d1144a2c25730fce63e2"
  integrity sha512-+Yw9U6YO5TQohxLcIkrXBeY73WP3ejHWVvx8XCk3gxvQDCTEmS48ZrSZCKciI7Bhl/uCMyxYtE9UqRILmFphkQ==

typescript@^4.9.5:
  version "4.9.5"
  resolved "https://registry.yarnpkg.com/typescript/-/typescript-4.9.5.tgz#095979f9bcc0d09da324d58d03ce8f8374cbe65a"
  integrity sha512-1FXk9E2Hm+QzZQ7z+McJiHL4NW1F2EzMu9Nq9i3zAaGqibafqYwCVU6WyWAuyQRRzOlxou8xZSyXLEN8oKj24g==
